// !$*UTF8*$!
{
	archiveVersion = 1;
	classes = {
	};
	objectVersion = 55;
	objects = {

/* Begin PBXBuildFile section */
		2D6638092719C5220096D131 /* AppDelegate.swift in Sources */ = {isa = PBXBuildFile; fileRef = 2D6638082719C5220096D131 /* AppDelegate.swift */; };
		2D66380B2719C5220096D131 /* SceneDelegate.swift in Sources */ = {isa = PBXBuildFile; fileRef = 2D66380A2719C5220096D131 /* SceneDelegate.swift */; };
		2D66380D2719C5220096D131 /* ViewController.swift in Sources */ = {isa = PBXBuildFile; fileRef = 2D66380C2719C5220096D131 /* ViewController.swift */; };
		2D6638102719C5220096D131 /* Main.storyboard in Resources */ = {isa = PBXBuildFile; fileRef = 2D66380E2719C5220096D131 /* Main.storyboard */; };
		2D6638122719C5230096D131 /* Assets.xcassets in Resources */ = {isa = PBXBuildFile; fileRef = 2D6638112719C5230096D131 /* Assets.xcassets */; };
		2D6638152719C5230096D131 /* LaunchScreen.storyboard in Resources */ = {isa = PBXBuildFile; fileRef = 2D6638132719C5230096D131 /* LaunchScreen.storyboard */; };
		2D6638202719C5230096D131 /* HananTests.swift in Sources */ = {isa = PBXBuildFile; fileRef = 2D66381F2719C5230096D131 /* HananTests.swift */; };
		2D66382A2719C5230096D131 /* HananUITests.swift in Sources */ = {isa = PBXBuildFile; fileRef = 2D6638292719C5230096D131 /* HananUITests.swift */; };
		2D66382C2719C5230096D131 /* HananUITestsLaunchTests.swift in Sources */ = {isa = PBXBuildFile; fileRef = 2D66382B2719C5230096D131 /* HananUITestsLaunchTests.swift */; };
/* End PBXBuildFile section */

/* Begin PBXContainerItemProxy section */
		2D66381C2719C5230096D131 /* PBXContainerItemProxy */ = {
			isa = PBXContainerItemProxy;
			containerPortal = 2D6637FD2719C5220096D131 /* Project object */;
			proxyType = 1;
			remoteGlobalIDString = 2D6638042719C5220096D131;
			remoteInfo = Hanan;
		};
		2D6638262719C5230096D131 /* PBXContainerItemProxy */ = {
			isa = PBXContainerItemProxy;
			containerPortal = 2D6637FD2719C5220096D131 /* Project object */;
			proxyType = 1;
			remoteGlobalIDString = 2D6638042719C5220096D131;
			remoteInfo = Hanan;
		};
/* End PBXContainerItemProxy section */

/* Begin PBXFileReference section */
		2D6638052719C5220096D131 /* Hanan.app */ = {isa = PBXFileReference; explicitFileType = wrapper.application; includeInIndex = 0; path = Hanan.app; sourceTree = BUILT_PRODUCTS_DIR; };
		2D6638082719C5220096D131 /* AppDelegate.swift */ = {isa = PBXFileReference; lastKnownFileType = sourcecode.swift; path = AppDelegate.swift; sourceTree = "<group>"; };
		2D66380A2719C5220096D131 /* SceneDelegate.swift */ = {isa = PBXFileReference; lastKnownFileType = sourcecode.swift; path = SceneDelegate.swift; sourceTree = "<group>"; };
		2D66380C2719C5220096D131 /* ViewController.swift */ = {isa = PBXFileReference; lastKnownFileType = sourcecode.swift; path = ViewController.swift; sourceTree = "<group>"; };
		2D66380F2719C5220096D131 /* Base */ = {isa = PBXFileReference; lastKnownFileType = file.storyboard; name = Base; path = Base.lproj/Main.storyboard; sourceTree = "<group>"; };
		2D6638112719C5230096D131 /* Assets.xcassets */ = {isa = PBXFileReference; lastKnownFileType = folder.assetcatalog; path = Assets.xcassets; sourceTree = "<group>"; };
		2D6638142719C5230096D131 /* Base */ = {isa = PBXFileReference; lastKnownFileType = file.storyboard; name = Base; path = Base.lproj/LaunchScreen.storyboard; sourceTree = "<group>"; };
		2D6638162719C5230096D131 /* Info.plist */ = {isa = PBXFileReference; lastKnownFileType = text.plist.xml; path = Info.plist; sourceTree = "<group>"; };
		2D66381B2719C5230096D131 /* HananTests.xctest */ = {isa = PBXFileReference; explicitFileType = wrapper.cfbundle; includeInIndex = 0; path = HananTests.xctest; sourceTree = BUILT_PRODUCTS_DIR; };
		2D66381F2719C5230096D131 /* HananTests.swift */ = {isa = PBXFileReference; lastKnownFileType = sourcecode.swift; path = HananTests.swift; sourceTree = "<group>"; };
		2D6638252719C5230096D131 /* HananUITests.xctest */ = {isa = PBXFileReference; explicitFileType = wrapper.cfbundle; includeInIndex = 0; path = HananUITests.xctest; sourceTree = BUILT_PRODUCTS_DIR; };
		2D6638292719C5230096D131 /* HananUITests.swift */ = {isa = PBXFileReference; lastKnownFileType = sourcecode.swift; path = HananUITests.swift; sourceTree = "<group>"; };
		2D66382B2719C5230096D131 /* HananUITestsLaunchTests.swift */ = {isa = PBXFileReference; lastKnownFileType = sourcecode.swift; path = HananUITestsLaunchTests.swift; sourceTree = "<group>"; };
/* End PBXFileReference section */

/* Begin PBXFrameworksBuildPhase section */
		2D6638022719C5220096D131 /* Frameworks */ = {
			isa = PBXFrameworksBuildPhase;
			buildActionMask = 2147483647;
			files = (
			);
			runOnlyForDeploymentPostprocessing = 0;
		};
		2D6638182719C5230096D131 /* Frameworks */ = {
			isa = PBXFrameworksBuildPhase;
			buildActionMask = 2147483647;
			files = (
			);
			runOnlyForDeploymentPostprocessing = 0;
		};
		2D6638222719C5230096D131 /* Frameworks */ = {
			isa = PBXFrameworksBuildPhase;
			buildActionMask = 2147483647;
			files = (
			);
			runOnlyForDeploymentPostprocessing = 0;
		};
/* End PBXFrameworksBuildPhase section */

/* Begin PBXGroup section */
		2D6637FC2719C5220096D131 = {
			isa = PBXGroup;
			children = (
				2D6638072719C5220096D131 /* Hanan */,
				2D66381E2719C5230096D131 /* HananTests */,
				2D6638282719C5230096D131 /* HananUITests */,
				2D6638062719C5220096D131 /* Products */,
			);
			sourceTree = "<group>";
		};
		2D6638062719C5220096D131 /* Products */ = {
			isa = PBXGroup;
			children = (
				2D6638052719C5220096D131 /* Hanan.app */,
				2D66381B2719C5230096D131 /* HananTests.xctest */,
				2D6638252719C5230096D131 /* HananUITests.xctest */,
			);
			name = Products;
			sourceTree = "<group>";
		};
		2D6638072719C5220096D131 /* Hanan */ = {
			isa = PBXGroup;
			children = (
				2D6638082719C5220096D131 /* AppDelegate.swift */,
				2D66380A2719C5220096D131 /* SceneDelegate.swift */,
				2D66380C2719C5220096D131 /* ViewController.swift */,
				2D66380E2719C5220096D131 /* Main.storyboard */,
				2D6638112719C5230096D131 /* Assets.xcassets */,
				2D6638132719C5230096D131 /* LaunchScreen.storyboard */,
				2D6638162719C5230096D131 /* Info.plist */,
			);
			path = Hanan;
			sourceTree = "<group>";
		};
		2D66381E2719C5230096D131 /* HananTests */ = {
			isa = PBXGroup;
			children = (
				2D66381F2719C5230096D131 /* HananTests.swift */,
			);
			path = HananTests;
			sourceTree = "<group>";
		};
		2D6638282719C5230096D131 /* HananUITests */ = {
			isa = PBXGroup;
			children = (
				2D6638292719C5230096D131 /* HananUITests.swift */,
				2D66382B2719C5230096D131 /* HananUITestsLaunchTests.swift */,
			);
			path = HananUITests;
			sourceTree = "<group>";
		};
/* End PBXGroup section */

/* Begin PBXNativeTarget section */
		2D6638042719C5220096D131 /* Hanan */ = {
			isa = PBXNativeTarget;
			buildConfigurationList = 2D66382F2719C5230096D131 /* Build configuration list for PBXNativeTarget "Hanan" */;
			buildPhases = (
				2D6638012719C5220096D131 /* Sources */,
				2D6638022719C5220096D131 /* Frameworks */,
				2D6638032719C5220096D131 /* Resources */,
			);
			buildRules = (
			);
			dependencies = (
			);
			name = Hanan;
			productName = Hanan;
			productReference = 2D6638052719C5220096D131 /* Hanan.app */;
			productType = "com.apple.product-type.application";
		};
		2D66381A2719C5230096D131 /* HananTests */ = {
			isa = PBXNativeTarget;
			buildConfigurationList = 2D6638322719C5230096D131 /* Build configuration list for PBXNativeTarget "HananTests" */;
			buildPhases = (
				2D6638172719C5230096D131 /* Sources */,
				2D6638182719C5230096D131 /* Frameworks */,
				2D6638192719C5230096D131 /* Resources */,
			);
			buildRules = (
			);
			dependencies = (
				2D66381D2719C5230096D131 /* PBXTargetDependency */,
			);
			name = HananTests;
			productName = HananTests;
			productReference = 2D66381B2719C5230096D131 /* HananTests.xctest */;
			productType = "com.apple.product-type.bundle.unit-test";
		};
		2D6638242719C5230096D131 /* HananUITests */ = {
			isa = PBXNativeTarget;
			buildConfigurationList = 2D6638352719C5230096D131 /* Build configuration list for PBXNativeTarget "HananUITests" */;
			buildPhases = (
				2D6638212719C5230096D131 /* Sources */,
				2D6638222719C5230096D131 /* Frameworks */,
				2D6638232719C5230096D131 /* Resources */,
			);
			buildRules = (
			);
			dependencies = (
				2D6638272719C5230096D131 /* PBXTargetDependency */,
			);
			name = HananUITests;
			productName = HananUITests;
			productReference = 2D6638252719C5230096D131 /* HananUITests.xctest */;
			productType = "com.apple.product-type.bundle.ui-testing";
		};
/* End PBXNativeTarget section */

/* Begin PBXProject section */
		2D6637FD2719C5220096D131 /* Project object */ = {
			isa = PBXProject;
			attributes = {
				BuildIndependentTargetsInParallel = 1;
				LastSwiftUpdateCheck = 1300;
				LastUpgradeCheck = 1300;
				TargetAttributes = {
					2D6638042719C5220096D131 = {
						CreatedOnToolsVersion = 13.0;
					};
					2D66381A2719C5230096D131 = {
						CreatedOnToolsVersion = 13.0;
						TestTargetID = 2D6638042719C5220096D131;
					};
					2D6638242719C5230096D131 = {
						CreatedOnToolsVersion = 13.0;
						TestTargetID = 2D6638042719C5220096D131;
					};
				};
			};
			buildConfigurationList = 2D6638002719C5220096D131 /* Build configuration list for PBXProject "Hanan" */;
			compatibilityVersion = "Xcode 13.0";
			developmentRegion = en;
			hasScannedForEncodings = 0;
			knownRegions = (
				en,
				Base,
			);
			mainGroup = 2D6637FC2719C5220096D131;
			productRefGroup = 2D6638062719C5220096D131 /* Products */;
			projectDirPath = "";
			projectRoot = "";
			targets = (
				2D6638042719C5220096D131 /* Hanan */,
				2D66381A2719C5230096D131 /* HananTests */,
				2D6638242719C5230096D131 /* HananUITests */,
			);
		};
/* End PBXProject section */

/* Begin PBXResourcesBuildPhase section */
		2D6638032719C5220096D131 /* Resources */ = {
			isa = PBXResourcesBuildPhase;
			buildActionMask = 2147483647;
			files = (
				2D6638152719C5230096D131 /* LaunchScreen.storyboard in Resources */,
				2D6638122719C5230096D131 /* Assets.xcassets in Resources */,
				2D6638102719C5220096D131 /* Main.storyboard in Resources */,
			);
			runOnlyForDeploymentPostprocessing = 0;
		};
		2D6638192719C5230096D131 /* Resources */ = {
			isa = PBXResourcesBuildPhase;
			buildActionMask = 2147483647;
			files = (
			);
			runOnlyForDeploymentPostprocessing = 0;
		};
		2D6638232719C5230096D131 /* Resources */ = {
			isa = PBXResourcesBuildPhase;
			buildActionMask = 2147483647;
			files = (
			);
			runOnlyForDeploymentPostprocessing = 0;
		};
/* End PBXResourcesBuildPhase section */

/* Begin PBXSourcesBuildPhase section */
		2D6638012719C5220096D131 /* Sources */ = {
			isa = PBXSourcesBuildPhase;
			buildActionMask = 2147483647;
			files = (
				2D66380D2719C5220096D131 /* ViewController.swift in Sources */,
				2D6638092719C5220096D131 /* AppDelegate.swift in Sources */,
				2D66380B2719C5220096D131 /* SceneDelegate.swift in Sources */,
			);
			runOnlyForDeploymentPostprocessing = 0;
		};
		2D6638172719C5230096D131 /* Sources */ = {
			isa = PBXSourcesBuildPhase;
			buildActionMask = 2147483647;
			files = (
				2D6638202719C5230096D131 /* HananTests.swift in Sources */,
			);
			runOnlyForDeploymentPostprocessing = 0;
		};
		2D6638212719C5230096D131 /* Sources */ = {
			isa = PBXSourcesBuildPhase;
			buildActionMask = 2147483647;
			files = (
				2D66382A2719C5230096D131 /* HananUITests.swift in Sources */,
				2D66382C2719C5230096D131 /* HananUITestsLaunchTests.swift in Sources */,
			);
			runOnlyForDeploymentPostprocessing = 0;
		};
/* End PBXSourcesBuildPhase section */

/* Begin PBXTargetDependency section */
		2D66381D2719C5230096D131 /* PBXTargetDependency */ = {
			isa = PBXTargetDependency;
			target = 2D6638042719C5220096D131 /* Hanan */;
			targetProxy = 2D66381C2719C5230096D131 /* PBXContainerItemProxy */;
		};
		2D6638272719C5230096D131 /* PBXTargetDependency */ = {
			isa = PBXTargetDependency;
			target = 2D6638042719C5220096D131 /* Hanan */;
			targetProxy = 2D6638262719C5230096D131 /* PBXContainerItemProxy */;
		};
/* End PBXTargetDependency section */

/* Begin PBXVariantGroup section */
		2D66380E2719C5220096D131 /* Main.storyboard */ = {
			isa = PBXVariantGroup;
			children = (
				2D66380F2719C5220096D131 /* Base */,
			);
			name = Main.storyboard;
			sourceTree = "<group>";
		};
		2D6638132719C5230096D131 /* LaunchScreen.storyboard */ = {
			isa = PBXVariantGroup;
			children = (
				2D6638142719C5230096D131 /* Base */,
			);
			name = LaunchScreen.storyboard;
			sourceTree = "<group>";
		};
/* End PBXVariantGroup section */

/* Begin XCBuildConfiguration section */
		2D66382D2719C5230096D131 /* Debug */ = {
			isa = XCBuildConfiguration;
			buildSettings = {
				ALWAYS_SEARCH_USER_PATHS = NO;
				CLANG_ANALYZER_NONNULL = YES;
				CLANG_ANALYZER_NUMBER_OBJECT_CONVERSION = YES_AGGRESSIVE;
				CLANG_CXX_LANGUAGE_STANDARD = "gnu++17";
				CLANG_CXX_LIBRARY = "libc++";
				CLANG_ENABLE_MODULES = YES;
				CLANG_ENABLE_OBJC_ARC = YES;
				CLANG_ENABLE_OBJC_WEAK = YES;
				CLANG_WARN_BLOCK_CAPTURE_AUTORELEASING = YES;
				CLANG_WARN_BOOL_CONVERSION = YES;
				CLANG_WARN_COMMA = YES;
				CLANG_WARN_CONSTANT_CONVERSION = YES;
				CLANG_WARN_DEPRECATED_OBJC_IMPLEMENTATIONS = YES;
				CLANG_WARN_DIRECT_OBJC_ISA_USAGE = YES_ERROR;
				CLANG_WARN_DOCUMENTATION_COMMENTS = YES;
				CLANG_WARN_EMPTY_BODY = YES;
				CLANG_WARN_ENUM_CONVERSION = YES;
				CLANG_WARN_INFINITE_RECURSION = YES;
				CLANG_WARN_INT_CONVERSION = YES;
				CLANG_WARN_NON_LITERAL_NULL_CONVERSION = YES;
				CLANG_WARN_OBJC_IMPLICIT_RETAIN_SELF = YES;
				CLANG_WARN_OBJC_LITERAL_CONVERSION = YES;
				CLANG_WARN_OBJC_ROOT_CLASS = YES_ERROR;
				CLANG_WARN_QUOTED_INCLUDE_IN_FRAMEWORK_HEADER = YES;
				CLANG_WARN_RANGE_LOOP_ANALYSIS = YES;
				CLANG_WARN_STRICT_PROTOTYPES = YES;
				CLANG_WARN_SUSPICIOUS_MOVE = YES;
				CLANG_WARN_UNGUARDED_AVAILABILITY = YES_AGGRESSIVE;
				CLANG_WARN_UNREACHABLE_CODE = YES;
				CLANG_WARN__DUPLICATE_METHOD_MATCH = YES;
				COPY_PHASE_STRIP = NO;
				DEBUG_INFORMATION_FORMAT = dwarf;
				ENABLE_STRICT_OBJC_MSGSEND = YES;
				ENABLE_TESTABILITY = YES;
				GCC_C_LANGUAGE_STANDARD = gnu11;
				GCC_DYNAMIC_NO_PIC = NO;
				GCC_NO_COMMON_BLOCKS = YES;
				GCC_OPTIMIZATION_LEVEL = 0;
				GCC_PREPROCESSOR_DEFINITIONS = (
					"DEBUG=1",
					"$(inherited)",
				);
				GCC_WARN_64_TO_32_BIT_CONVERSION = YES;
				GCC_WARN_ABOUT_RETURN_TYPE = YES_ERROR;
				GCC_WARN_UNDECLARED_SELECTOR = YES;
				GCC_WARN_UNINITIALIZED_AUTOS = YES_AGGRESSIVE;
				GCC_WARN_UNUSED_FUNCTION = YES;
				GCC_WARN_UNUSED_VARIABLE = YES;
				IPHONEOS_DEPLOYMENT_TARGET = 15.0;
				MTL_ENABLE_DEBUG_INFO = INCLUDE_SOURCE;
				MTL_FAST_MATH = YES;
				ONLY_ACTIVE_ARCH = YES;
				SDKROOT = iphoneos;
				SWIFT_ACTIVE_COMPILATION_CONDITIONS = DEBUG;
				SWIFT_OPTIMIZATION_LEVEL = "-Onone";
			};
			name = Debug;
		};
		2D66382E2719C5230096D131 /* Release */ = {
			isa = XCBuildConfiguration;
			buildSettings = {
				ALWAYS_SEARCH_USER_PATHS = NO;
				CLANG_ANALYZER_NONNULL = YES;
				CLANG_ANALYZER_NUMBER_OBJECT_CONVERSION = YES_AGGRESSIVE;
				CLANG_CXX_LANGUAGE_STANDARD = "gnu++17";
				CLANG_CXX_LIBRARY = "libc++";
				CLANG_ENABLE_MODULES = YES;
				CLANG_ENABLE_OBJC_ARC = YES;
				CLANG_ENABLE_OBJC_WEAK = YES;
				CLANG_WARN_BLOCK_CAPTURE_AUTORELEASING = YES;
				CLANG_WARN_BOOL_CONVERSION = YES;
				CLANG_WARN_COMMA = YES;
				CLANG_WARN_CONSTANT_CONVERSION = YES;
				CLANG_WARN_DEPRECATED_OBJC_IMPLEMENTATIONS = YES;
				CLANG_WARN_DIRECT_OBJC_ISA_USAGE = YES_ERROR;
				CLANG_WARN_DOCUMENTATION_COMMENTS = YES;
				CLANG_WARN_EMPTY_BODY = YES;
				CLANG_WARN_ENUM_CONVERSION = YES;
				CLANG_WARN_INFINITE_RECURSION = YES;
				CLANG_WARN_INT_CONVERSION = YES;
				CLANG_WARN_NON_LITERAL_NULL_CONVERSION = YES;
				CLANG_WARN_OBJC_IMPLICIT_RETAIN_SELF = YES;
				CLANG_WARN_OBJC_LITERAL_CONVERSION = YES;
				CLANG_WARN_OBJC_ROOT_CLASS = YES_ERROR;
				CLANG_WARN_QUOTED_INCLUDE_IN_FRAMEWORK_HEADER = YES;
				CLANG_WARN_RANGE_LOOP_ANALYSIS = YES;
				CLANG_WARN_STRICT_PROTOTYPES = YES;
				CLANG_WARN_SUSPICIOUS_MOVE = YES;
				CLANG_WARN_UNGUARDED_AVAILABILITY = YES_AGGRESSIVE;
				CLANG_WARN_UNREACHABLE_CODE = YES;
				CLANG_WARN__DUPLICATE_METHOD_MATCH = YES;
				COPY_PHASE_STRIP = NO;
				DEBUG_INFORMATION_FORMAT = "dwarf-with-dsym";
				ENABLE_NS_ASSERTIONS = NO;
				ENABLE_STRICT_OBJC_MSGSEND = YES;
				GCC_C_LANGUAGE_STANDARD = gnu11;
				GCC_NO_COMMON_BLOCKS = YES;
				GCC_WARN_64_TO_32_BIT_CONVERSION = YES;
				GCC_WARN_ABOUT_RETURN_TYPE = YES_ERROR;
				GCC_WARN_UNDECLARED_SELECTOR = YES;
				GCC_WARN_UNINITIALIZED_AUTOS = YES_AGGRESSIVE;
				GCC_WARN_UNUSED_FUNCTION = YES;
				GCC_WARN_UNUSED_VARIABLE = YES;
				IPHONEOS_DEPLOYMENT_TARGET = 15.0;
				MTL_ENABLE_DEBUG_INFO = NO;
				MTL_FAST_MATH = YES;
				SDKROOT = iphoneos;
				SWIFT_COMPILATION_MODE = wholemodule;
				SWIFT_OPTIMIZATION_LEVEL = "-O";
				VALIDATE_PRODUCT = YES;
			};
			name = Release;
		};
		2D6638302719C5230096D131 /* Debug */ = {
			isa = XCBuildConfiguration;
			buildSettings = {
				ASSETCATALOG_COMPILER_APPICON_NAME = AppIcon;
				ASSETCATALOG_COMPILER_GLOBAL_ACCENT_COLOR_NAME = AccentColor;
				CODE_SIGN_STYLE = Automatic;
				CURRENT_PROJECT_VERSION = 1;
				DEVELOPMENT_TEAM = 6HVZQF48D4;
				GENERATE_INFOPLIST_FILE = YES;
				INFOPLIST_FILE = Hanan/Info.plist;
				INFOPLIST_KEY_UIApplicationSupportsIndirectInputEvents = YES;
				INFOPLIST_KEY_UILaunchStoryboardName = LaunchScreen;
				INFOPLIST_KEY_UIMainStoryboardFile = Main;
				INFOPLIST_KEY_UISupportedInterfaceOrientations_iPad = "UIInterfaceOrientationPortrait UIInterfaceOrientationPortraitUpsideDown UIInterfaceOrientationLandscapeLeft UIInterfaceOrientationLandscapeRight";
				INFOPLIST_KEY_UISupportedInterfaceOrientations_iPhone = "UIInterfaceOrientationPortrait UIInterfaceOrientationLandscapeLeft UIInterfaceOrientationLandscapeRight";
				LD_RUNPATH_SEARCH_PATHS = (
					"$(inherited)",
					"@executable_path/Frameworks",
				);
				MARKETING_VERSION = 1.0;
				PRODUCT_BUNDLE_IDENTIFIER = w.Hanan;
				PRODUCT_NAME = "$(TARGET_NAME)";
				SWIFT_EMIT_LOC_STRINGS = YES;
				SWIFT_VERSION = 5.0;
				TARGETED_DEVICE_FAMILY = "1,2";
			};
			name = Debug;
		};
		2D6638312719C5230096D131 /* Release */ = {
			isa = XCBuildConfiguration;
			buildSettings = {
				ASSETCATALOG_COMPILER_APPICON_NAME = AppIcon;
				ASSETCATALOG_COMPILER_GLOBAL_ACCENT_COLOR_NAME = AccentColor;
				CODE_SIGN_STYLE = Automatic;
				CURRENT_PROJECT_VERSION = 1;
				DEVELOPMENT_TEAM = 6HVZQF48D4;
				GENERATE_INFOPLIST_FILE = YES;
				INFOPLIST_FILE = Hanan/Info.plist;
				INFOPLIST_KEY_UIApplicationSupportsIndirectInputEvents = YES;
				INFOPLIST_KEY_UILaunchStoryboardName = LaunchScreen;
				INFOPLIST_KEY_UIMainStoryboardFile = Main;
				INFOPLIST_KEY_UISupportedInterfaceOrientations_iPad = "UIInterfaceOrientationPortrait UIInterfaceOrientationPortraitUpsideDown UIInterfaceOrientationLandscapeLeft UIInterfaceOrientationLandscapeRight";
				INFOPLIST_KEY_UISupportedInterfaceOrientations_iPhone = "UIInterfaceOrientationPortrait UIInterfaceOrientationLandscapeLeft UIInterfaceOrientationLandscapeRight";
				LD_RUNPATH_SEARCH_PATHS = (
					"$(inherited)",
					"@executable_path/Frameworks",
				);
				MARKETING_VERSION = 1.0;
				PRODUCT_BUNDLE_IDENTIFIER = w.Hanan;
				PRODUCT_NAME = "$(TARGET_NAME)";
				SWIFT_EMIT_LOC_STRINGS = YES;
				SWIFT_VERSION = 5.0;
				TARGETED_DEVICE_FAMILY = "1,2";
			};
			name = Release;
		};
		2D6638332719C5230096D131 /* Debug */ = {
			isa = XCBuildConfiguration;
			buildSettings = {
				ALWAYS_EMBED_SWIFT_STANDARD_LIBRARIES = YES;
				BUNDLE_LOADER = "$(TEST_HOST)";
				CODE_SIGN_STYLE = Automatic;
				CURRENT_PROJECT_VERSION = 1;
				DEVELOPMENT_TEAM = 6HVZQF48D4;
				GENERATE_INFOPLIST_FILE = YES;
				IPHONEOS_DEPLOYMENT_TARGET = 15.0;
				LD_RUNPATH_SEARCH_PATHS = (
					"$(inherited)",
					"@executable_path/Frameworks",
					"@loader_path/Frameworks",
				);
				MARKETING_VERSION = 1.0;
				PRODUCT_BUNDLE_IDENTIFIER = w.HananTests;
				PRODUCT_NAME = "$(TARGET_NAME)";
				SWIFT_EMIT_LOC_STRINGS = NO;
				SWIFT_VERSION = 5.0;
				TARGETED_DEVICE_FAMILY = "1,2";
				TEST_HOST = "$(BUILT_PRODUCTS_DIR)/Hanan.app/Hanan";
			};
			name = Debug;
		};
		2D6638342719C5230096D131 /* Release */ = {
			isa = XCBuildConfiguration;
			buildSettings = {
				ALWAYS_EMBED_SWIFT_STANDARD_LIBRARIES = YES;
				BUNDLE_LOADER = "$(TEST_HOST)";
				CODE_SIGN_STYLE = Automatic;
				CURRENT_PROJECT_VERSION = 1;
				DEVELOPMENT_TEAM = 6HVZQF48D4;
				GENERATE_INFOPLIST_FILE = YES;
				IPHONEOS_DEPLOYMENT_TARGET = 15.0;
				LD_RUNPATH_SEARCH_PATHS = (
					"$(inherited)",
					"@executable_path/Frameworks",
					"@loader_path/Frameworks",
				);
				MARKETING_VERSION = 1.0;
				PRODUCT_BUNDLE_IDENTIFIER = w.HananTests;
				PRODUCT_NAME = "$(TARGET_NAME)";
				SWIFT_EMIT_LOC_STRINGS = NO;
				SWIFT_VERSION = 5.0;
				TARGETED_DEVICE_FAMILY = "1,2";
				TEST_HOST = "$(BUILT_PRODUCTS_DIR)/Hanan.app/Hanan";
			};
			name = Release;
		};
		2D6638362719C5230096D131 /* Debug */ = {
			isa = XCBuildConfiguration;
			buildSettings = {
				ALWAYS_EMBED_SWIFT_STANDARD_LIBRARIES = YES;
				CODE_SIGN_STYLE = Automatic;
				CURRENT_PROJECT_VERSION = 1;
				DEVELOPMENT_TEAM = 6HVZQF48D4;
				GENERATE_INFOPLIST_FILE = YES;
				LD_RUNPATH_SEARCH_PATHS = (
					"$(inherited)",
					"@executable_path/Frameworks",
					"@loader_path/Frameworks",
				);
				MARKETING_VERSION = 1.0;
				PRODUCT_BUNDLE_IDENTIFIER = w.HananUITests;
				PRODUCT_NAME = "$(TARGET_NAME)";
				SWIFT_EMIT_LOC_STRINGS = NO;
				SWIFT_VERSION = 5.0;
				TARGETED_DEVICE_FAMILY = "1,2";
				TEST_TARGET_NAME = Hanan;
			};
			name = Debug;
		};
		2D6638372719C5230096D131 /* Release */ = {
			isa = XCBuildConfiguration;
			buildSettings = {
				ALWAYS_EMBED_SWIFT_STANDARD_LIBRARIES = YES;
				CODE_SIGN_STYLE = Automatic;
				CURRENT_PROJECT_VERSION = 1;
				DEVELOPMENT_TEAM = 6HVZQF48D4;
				GENERATE_INFOPLIST_FILE = YES;
				LD_RUNPATH_SEARCH_PATHS = (
					"$(inherited)",
					"@executable_path/Frameworks",
					"@loader_path/Frameworks",
				);
				MARKETING_VERSION = 1.0;
				PRODUCT_BUNDLE_IDENTIFIER = w.HananUITests;
				PRODUCT_NAME = "$(TARGET_NAME)";
				SWIFT_EMIT_LOC_STRINGS = NO;
				SWIFT_VERSION = 5.0;
				TARGETED_DEVICE_FAMILY = "1,2";
				TEST_TARGET_NAME = Hanan;
			};
			name = Release;
		};
/* End XCBuildConfiguration section */

/* Begin XCConfigurationList section */
		2D6638002719C5220096D131 /* Build configuration list for PBXProject "Hanan" */ = {
			isa = XCConfigurationList;
			buildConfigurations = (
				2D66382D2719C5230096D131 /* Debug */,
				2D66382E2719C5230096D131 /* Release */,
			);
			defaultConfigurationIsVisible = 0;
			defaultConfigurationName = Release;
		};
		2D66382F2719C5230096D131 /* Build configuration list for PBXNativeTarget "Hanan" */ = {
			isa = XCConfigurationList;
			buildConfigurations = (
				2D6638302719C5230096D131 /* Debug */,
				2D6638312719C5230096D131 /* Release */,
			);
			defaultConfigurationIsVisible = 0;
			defaultConfigurationName = Release;
		};
		2D6638322719C5230096D131 /* Build configuration list for PBXNativeTarget "HananTests" */ = {
			isa = XCConfigurationList;
			buildConfigurations = (
				2D6638332719C5230096D131 /* Debug */,
				2D6638342719C5230096D131 /* Release */,
			);
			defaultConfigurationIsVisible = 0;
			defaultConfigurationName = Release;
		};
		2D6638352719C5230096D131 /* Build configuration list for PBXNativeTarget "HananUITests" */ = {
			isa = XCConfigurationList;
			buildConfigurations = (
				2D6638362719C5230096D131 /* Debug */,
				2D6638372719C5230096D131 /* Release */,
			);
			defaultConfigurationIsVisible = 0;
			defaultConfigurationName = Release;
		};
/* End XCConfigurationList section */
	};
	rootObject = 2D6637FD2719C5220096D131 /* Project object */;
}
