// !$*UTF8*$!
{
	archiveVersion = 1;
	classes = {
	};
	objectVersion = 55;
	objects = {

/* Begin PBXBuildFile section */
		BD43DC572719D6CD0049300A /* AppDelegate.swift in Sources */ = {isa = PBXBuildFile; fileRef = BD43DC562719D6CD0049300A /* AppDelegate.swift */; };
		BD43DC592719D6CD0049300A /* SceneDelegate.swift in Sources */ = {isa = PBXBuildFile; fileRef = BD43DC582719D6CD0049300A /* SceneDelegate.swift */; };
		BD43DC5B2719D6CD0049300A /* ViewController.swift in Sources */ = {isa = PBXBuildFile; fileRef = BD43DC5A2719D6CD0049300A /* ViewController.swift */; };
		BD43DC5E2719D6CD0049300A /* Main.storyboard in Resources */ = {isa = PBXBuildFile; fileRef = BD43DC5C2719D6CD0049300A /* Main.storyboard */; };
		BD43DC602719D6CE0049300A /* Assets.xcassets in Resources */ = {isa = PBXBuildFile; fileRef = BD43DC5F2719D6CE0049300A /* Assets.xcassets */; };
		BD43DC632719D6CE0049300A /* LaunchScreen.storyboard in Resources */ = {isa = PBXBuildFile; fileRef = BD43DC612719D6CE0049300A /* LaunchScreen.storyboard */; };
		BD43DC6E2719D6CE0049300A /* HomeWork111Tests.swift in Sources */ = {isa = PBXBuildFile; fileRef = BD43DC6D2719D6CE0049300A /* HomeWork111Tests.swift */; };
		BD43DC782719D6CE0049300A /* HomeWork111UITests.swift in Sources */ = {isa = PBXBuildFile; fileRef = BD43DC772719D6CE0049300A /* HomeWork111UITests.swift */; };
		BD43DC7A2719D6CE0049300A /* HomeWork111UITestsLaunchTests.swift in Sources */ = {isa = PBXBuildFile; fileRef = BD43DC792719D6CE0049300A /* HomeWork111UITestsLaunchTests.swift */; };
/* End PBXBuildFile section */

/* Begin PBXContainerItemProxy section */
		BD43DC6A2719D6CE0049300A /* PBXContainerItemProxy */ = {
			isa = PBXContainerItemProxy;
			containerPortal = BD43DC4B2719D6CD0049300A /* Project object */;
			proxyType = 1;
			remoteGlobalIDString = BD43DC522719D6CD0049300A;
			remoteInfo = HomeWork111;
		};
		BD43DC742719D6CE0049300A /* PBXContainerItemProxy */ = {
			isa = PBXContainerItemProxy;
			containerPortal = BD43DC4B2719D6CD0049300A /* Project object */;
			proxyType = 1;
			remoteGlobalIDString = BD43DC522719D6CD0049300A;
			remoteInfo = HomeWork111;
		};
/* End PBXContainerItemProxy section */

/* Begin PBXFileReference section */
		BD43DC532719D6CD0049300A /* HomeWork111.app */ = {isa = PBXFileReference; explicitFileType = wrapper.application; includeInIndex = 0; path = HomeWork111.app; sourceTree = BUILT_PRODUCTS_DIR; };
		BD43DC562719D6CD0049300A /* AppDelegate.swift */ = {isa = PBXFileReference; lastKnownFileType = sourcecode.swift; path = AppDelegate.swift; sourceTree = "<group>"; };
		BD43DC582719D6CD0049300A /* SceneDelegate.swift */ = {isa = PBXFileReference; lastKnownFileType = sourcecode.swift; path = SceneDelegate.swift; sourceTree = "<group>"; };
		BD43DC5A2719D6CD0049300A /* ViewController.swift */ = {isa = PBXFileReference; lastKnownFileType = sourcecode.swift; path = ViewController.swift; sourceTree = "<group>"; };
		BD43DC5D2719D6CD0049300A /* Base */ = {isa = PBXFileReference; lastKnownFileType = file.storyboard; name = Base; path = Base.lproj/Main.storyboard; sourceTree = "<group>"; };
		BD43DC5F2719D6CE0049300A /* Assets.xcassets */ = {isa = PBXFileReference; lastKnownFileType = folder.assetcatalog; path = Assets.xcassets; sourceTree = "<group>"; };
		BD43DC622719D6CE0049300A /* Base */ = {isa = PBXFileReference; lastKnownFileType = file.storyboard; name = Base; path = Base.lproj/LaunchScreen.storyboard; sourceTree = "<group>"; };
		BD43DC642719D6CE0049300A /* Info.plist */ = {isa = PBXFileReference; lastKnownFileType = text.plist.xml; path = Info.plist; sourceTree = "<group>"; };
		BD43DC692719D6CE0049300A /* HomeWork111Tests.xctest */ = {isa = PBXFileReference; explicitFileType = wrapper.cfbundle; includeInIndex = 0; path = HomeWork111Tests.xctest; sourceTree = BUILT_PRODUCTS_DIR; };
		BD43DC6D2719D6CE0049300A /* HomeWork111Tests.swift */ = {isa = PBXFileReference; lastKnownFileType = sourcecode.swift; path = HomeWork111Tests.swift; sourceTree = "<group>"; };
		BD43DC732719D6CE0049300A /* HomeWork111UITests.xctest */ = {isa = PBXFileReference; explicitFileType = wrapper.cfbundle; includeInIndex = 0; path = HomeWork111UITests.xctest; sourceTree = BUILT_PRODUCTS_DIR; };
		BD43DC772719D6CE0049300A /* HomeWork111UITests.swift */ = {isa = PBXFileReference; lastKnownFileType = sourcecode.swift; path = HomeWork111UITests.swift; sourceTree = "<group>"; };
		BD43DC792719D6CE0049300A /* HomeWork111UITestsLaunchTests.swift */ = {isa = PBXFileReference; lastKnownFileType = sourcecode.swift; path = HomeWork111UITestsLaunchTests.swift; sourceTree = "<group>"; };
/* End PBXFileReference section */

/* Begin PBXFrameworksBuildPhase section */
		BD43DC502719D6CD0049300A /* Frameworks */ = {
			isa = PBXFrameworksBuildPhase;
			buildActionMask = 2147483647;
			files = (
			);
			runOnlyForDeploymentPostprocessing = 0;
		};
		BD43DC662719D6CE0049300A /* Frameworks */ = {
			isa = PBXFrameworksBuildPhase;
			buildActionMask = 2147483647;
			files = (
			);
			runOnlyForDeploymentPostprocessing = 0;
		};
		BD43DC702719D6CE0049300A /* Frameworks */ = {
			isa = PBXFrameworksBuildPhase;
			buildActionMask = 2147483647;
			files = (
			);
			runOnlyForDeploymentPostprocessing = 0;
		};
/* End PBXFrameworksBuildPhase section */

/* Begin PBXGroup section */
		BD43DC4A2719D6CD0049300A = {
			isa = PBXGroup;
			children = (
				BD43DC552719D6CD0049300A /* HomeWork111 */,
				BD43DC6C2719D6CE0049300A /* HomeWork111Tests */,
				BD43DC762719D6CE0049300A /* HomeWork111UITests */,
				BD43DC542719D6CD0049300A /* Products */,
			);
			sourceTree = "<group>";
		};
		BD43DC542719D6CD0049300A /* Products */ = {
			isa = PBXGroup;
			children = (
				BD43DC532719D6CD0049300A /* HomeWork111.app */,
				BD43DC692719D6CE0049300A /* HomeWork111Tests.xctest */,
				BD43DC732719D6CE0049300A /* HomeWork111UITests.xctest */,
			);
			name = Products;
			sourceTree = "<group>";
		};
		BD43DC552719D6CD0049300A /* HomeWork111 */ = {
			isa = PBXGroup;
			children = (
				BD43DC562719D6CD0049300A /* AppDelegate.swift */,
				BD43DC582719D6CD0049300A /* SceneDelegate.swift */,
				BD43DC5A2719D6CD0049300A /* ViewController.swift */,
				BD43DC5C2719D6CD0049300A /* Main.storyboard */,
				BD43DC5F2719D6CE0049300A /* Assets.xcassets */,
				BD43DC612719D6CE0049300A /* LaunchScreen.storyboard */,
				BD43DC642719D6CE0049300A /* Info.plist */,
			);
			path = HomeWork111;
			sourceTree = "<group>";
		};
		BD43DC6C2719D6CE0049300A /* HomeWork111Tests */ = {
			isa = PBXGroup;
			children = (
				BD43DC6D2719D6CE0049300A /* HomeWork111Tests.swift */,
			);
			path = HomeWork111Tests;
			sourceTree = "<group>";
		};
		BD43DC762719D6CE0049300A /* HomeWork111UITests */ = {
			isa = PBXGroup;
			children = (
				BD43DC772719D6CE0049300A /* HomeWork111UITests.swift */,
				BD43DC792719D6CE0049300A /* HomeWork111UITestsLaunchTests.swift */,
			);
			path = HomeWork111UITests;
			sourceTree = "<group>";
		};
/* End PBXGroup section */

/* Begin PBXNativeTarget section */
		BD43DC522719D6CD0049300A /* HomeWork111 */ = {
			isa = PBXNativeTarget;
			buildConfigurationList = BD43DC7D2719D6CE0049300A /* Build configuration list for PBXNativeTarget "HomeWork111" */;
			buildPhases = (
				BD43DC4F2719D6CD0049300A /* Sources */,
				BD43DC502719D6CD0049300A /* Frameworks */,
				BD43DC512719D6CD0049300A /* Resources */,
			);
			buildRules = (
			);
			dependencies = (
			);
			name = HomeWork111;
			productName = HomeWork111;
			productReference = BD43DC532719D6CD0049300A /* HomeWork111.app */;
			productType = "com.apple.product-type.application";
		};
		BD43DC682719D6CE0049300A /* HomeWork111Tests */ = {
			isa = PBXNativeTarget;
			buildConfigurationList = BD43DC802719D6CE0049300A /* Build configuration list for PBXNativeTarget "HomeWork111Tests" */;
			buildPhases = (
				BD43DC652719D6CE0049300A /* Sources */,
				BD43DC662719D6CE0049300A /* Frameworks */,
				BD43DC672719D6CE0049300A /* Resources */,
			);
			buildRules = (
			);
			dependencies = (
				BD43DC6B2719D6CE0049300A /* PBXTargetDependency */,
			);
			name = HomeWork111Tests;
			productName = HomeWork111Tests;
			productReference = BD43DC692719D6CE0049300A /* HomeWork111Tests.xctest */;
			productType = "com.apple.product-type.bundle.unit-test";
		};
		BD43DC722719D6CE0049300A /* HomeWork111UITests */ = {
			isa = PBXNativeTarget;
			buildConfigurationList = BD43DC832719D6CE0049300A /* Build configuration list for PBXNativeTarget "HomeWork111UITests" */;
			buildPhases = (
				BD43DC6F2719D6CE0049300A /* Sources */,
				BD43DC702719D6CE0049300A /* Frameworks */,
				BD43DC712719D6CE0049300A /* Resources */,
			);
			buildRules = (
			);
			dependencies = (
				BD43DC752719D6CE0049300A /* PBXTargetDependency */,
			);
			name = HomeWork111UITests;
			productName = HomeWork111UITests;
			productReference = BD43DC732719D6CE0049300A /* HomeWork111UITests.xctest */;
			productType = "com.apple.product-type.bundle.ui-testing";
		};
/* End PBXNativeTarget section */

/* Begin PBXProject section */
		BD43DC4B2719D6CD0049300A /* Project object */ = {
			isa = PBXProject;
			attributes = {
				BuildIndependentTargetsInParallel = 1;
				LastSwiftUpdateCheck = 1300;
				LastUpgradeCheck = 1300;
				TargetAttributes = {
					BD43DC522719D6CD0049300A = {
						CreatedOnToolsVersion = 13.0;
					};
					BD43DC682719D6CE0049300A = {
						CreatedOnToolsVersion = 13.0;
						TestTargetID = BD43DC522719D6CD0049300A;
					};
					BD43DC722719D6CE0049300A = {
						CreatedOnToolsVersion = 13.0;
						TestTargetID = BD43DC522719D6CD0049300A;
					};
				};
			};
			buildConfigurationList = BD43DC4E2719D6CD0049300A /* Build configuration list for PBXProject "HomeWork111" */;
			compatibilityVersion = "Xcode 13.0";
			developmentRegion = en;
			hasScannedForEncodings = 0;
			knownRegions = (
				en,
				Base,
			);
			mainGroup = BD43DC4A2719D6CD0049300A;
			productRefGroup = BD43DC542719D6CD0049300A /* Products */;
			projectDirPath = "";
			projectRoot = "";
			targets = (
				BD43DC522719D6CD0049300A /* HomeWork111 */,
				BD43DC682719D6CE0049300A /* HomeWork111Tests */,
				BD43DC722719D6CE0049300A /* HomeWork111UITests */,
			);
		};
/* End PBXProject section */

/* Begin PBXResourcesBuildPhase section */
		BD43DC512719D6CD0049300A /* Resources */ = {
			isa = PBXResourcesBuildPhase;
			buildActionMask = 2147483647;
			files = (
				BD43DC632719D6CE0049300A /* LaunchScreen.storyboard in Resources */,
				BD43DC602719D6CE0049300A /* Assets.xcassets in Resources */,
				BD43DC5E2719D6CD0049300A /* Main.storyboard in Resources */,
			);
			runOnlyForDeploymentPostprocessing = 0;
		};
		BD43DC672719D6CE0049300A /* Resources */ = {
			isa = PBXResourcesBuildPhase;
			buildActionMask = 2147483647;
			files = (
			);
			runOnlyForDeploymentPostprocessing = 0;
		};
		BD43DC712719D6CE0049300A /* Resources */ = {
			isa = PBXResourcesBuildPhase;
			buildActionMask = 2147483647;
			files = (
			);
			runOnlyForDeploymentPostprocessing = 0;
		};
/* End PBXResourcesBuildPhase section */

/* Begin PBXSourcesBuildPhase section */
		BD43DC4F2719D6CD0049300A /* Sources */ = {
			isa = PBXSourcesBuildPhase;
			buildActionMask = 2147483647;
			files = (
				BD43DC5B2719D6CD0049300A /* ViewController.swift in Sources */,
				BD43DC572719D6CD0049300A /* AppDelegate.swift in Sources */,
				BD43DC592719D6CD0049300A /* SceneDelegate.swift in Sources */,
			);
			runOnlyForDeploymentPostprocessing = 0;
		};
		BD43DC652719D6CE0049300A /* Sources */ = {
			isa = PBXSourcesBuildPhase;
			buildActionMask = 2147483647;
			files = (
				BD43DC6E2719D6CE0049300A /* HomeWork111Tests.swift in Sources */,
			);
			runOnlyForDeploymentPostprocessing = 0;
		};
		BD43DC6F2719D6CE0049300A /* Sources */ = {
			isa = PBXSourcesBuildPhase;
			buildActionMask = 2147483647;
			files = (
				BD43DC7A2719D6CE0049300A /* HomeWork111UITestsLaunchTests.swift in Sources */,
				BD43DC782719D6CE0049300A /* HomeWork111UITests.swift in Sources */,
			);
			runOnlyForDeploymentPostprocessing = 0;
		};
/* End PBXSourcesBuildPhase section */

/* Begin PBXTargetDependency section */
		BD43DC6B2719D6CE0049300A /* PBXTargetDependency */ = {
			isa = PBXTargetDependency;
			target = BD43DC522719D6CD0049300A /* HomeWork111 */;
			targetProxy = BD43DC6A2719D6CE0049300A /* PBXContainerItemProxy */;
		};
		BD43DC752719D6CE0049300A /* PBXTargetDependency */ = {
			isa = PBXTargetDependency;
			target = BD43DC522719D6CD0049300A /* HomeWork111 */;
			targetProxy = BD43DC742719D6CE0049300A /* PBXContainerItemProxy */;
		};
/* End PBXTargetDependency section */

/* Begin PBXVariantGroup section */
		BD43DC5C2719D6CD0049300A /* Main.storyboard */ = {
			isa = PBXVariantGroup;
			children = (
				BD43DC5D2719D6CD0049300A /* Base */,
			);
			name = Main.storyboard;
			sourceTree = "<group>";
		};
		BD43DC612719D6CE0049300A /* LaunchScreen.storyboard */ = {
			isa = PBXVariantGroup;
			children = (
				BD43DC622719D6CE0049300A /* Base */,
			);
			name = LaunchScreen.storyboard;
			sourceTree = "<group>";
		};
/* End PBXVariantGroup section */

/* Begin XCBuildConfiguration section */
		BD43DC7B2719D6CE0049300A /* Debug */ = {
			isa = XCBuildConfiguration;
			buildSettings = {
				ALWAYS_SEARCH_USER_PATHS = NO;
				CLANG_ANALYZER_NONNULL = YES;
				CLANG_ANALYZER_NUMBER_OBJECT_CONVERSION = YES_AGGRESSIVE;
				CLANG_CXX_LANGUAGE_STANDARD = "gnu++17";
				CLANG_CXX_LIBRARY = "libc++";
				CLANG_ENABLE_MODULES = YES;
				CLANG_ENABLE_OBJC_ARC = YES;
				CLANG_ENABLE_OBJC_WEAK = YES;
				CLANG_WARN_BLOCK_CAPTURE_AUTORELEASING = YES;
				CLANG_WARN_BOOL_CONVERSION = YES;
				CLANG_WARN_COMMA = YES;
				CLANG_WARN_CONSTANT_CONVERSION = YES;
				CLANG_WARN_DEPRECATED_OBJC_IMPLEMENTATIONS = YES;
				CLANG_WARN_DIRECT_OBJC_ISA_USAGE = YES_ERROR;
				CLANG_WARN_DOCUMENTATION_COMMENTS = YES;
				CLANG_WARN_EMPTY_BODY = YES;
				CLANG_WARN_ENUM_CONVERSION = YES;
				CLANG_WARN_INFINITE_RECURSION = YES;
				CLANG_WARN_INT_CONVERSION = YES;
				CLANG_WARN_NON_LITERAL_NULL_CONVERSION = YES;
				CLANG_WARN_OBJC_IMPLICIT_RETAIN_SELF = YES;
				CLANG_WARN_OBJC_LITERAL_CONVERSION = YES;
				CLANG_WARN_OBJC_ROOT_CLASS = YES_ERROR;
				CLANG_WARN_QUOTED_INCLUDE_IN_FRAMEWORK_HEADER = YES;
				CLANG_WARN_RANGE_LOOP_ANALYSIS = YES;
				CLANG_WARN_STRICT_PROTOTYPES = YES;
				CLANG_WARN_SUSPICIOUS_MOVE = YES;
				CLANG_WARN_UNGUARDED_AVAILABILITY = YES_AGGRESSIVE;
				CLANG_WARN_UNREACHABLE_CODE = YES;
				CLANG_WARN__DUPLICATE_METHOD_MATCH = YES;
				COPY_PHASE_STRIP = NO;
				DEBUG_INFORMATION_FORMAT = dwarf;
				ENABLE_STRICT_OBJC_MSGSEND = YES;
				ENABLE_TESTABILITY = YES;
				GCC_C_LANGUAGE_STANDARD = gnu11;
				GCC_DYNAMIC_NO_PIC = NO;
				GCC_NO_COMMON_BLOCKS = YES;
				GCC_OPTIMIZATION_LEVEL = 0;
				GCC_PREPROCESSOR_DEFINITIONS = (
					"DEBUG=1",
					"$(inherited)",
				);
				GCC_WARN_64_TO_32_BIT_CONVERSION = YES;
				GCC_WARN_ABOUT_RETURN_TYPE = YES_ERROR;
				GCC_WARN_UNDECLARED_SELECTOR = YES;
				GCC_WARN_UNINITIALIZED_AUTOS = YES_AGGRESSIVE;
				GCC_WARN_UNUSED_FUNCTION = YES;
				GCC_WARN_UNUSED_VARIABLE = YES;
				IPHONEOS_DEPLOYMENT_TARGET = 15.0;
				MTL_ENABLE_DEBUG_INFO = INCLUDE_SOURCE;
				MTL_FAST_MATH = YES;
				ONLY_ACTIVE_ARCH = YES;
				SDKROOT = iphoneos;
				SWIFT_ACTIVE_COMPILATION_CONDITIONS = DEBUG;
				SWIFT_OPTIMIZATION_LEVEL = "-Onone";
			};
			name = Debug;
		};
		BD43DC7C2719D6CE0049300A /* Release */ = {
			isa = XCBuildConfiguration;
			buildSettings = {
				ALWAYS_SEARCH_USER_PATHS = NO;
				CLANG_ANALYZER_NONNULL = YES;
				CLANG_ANALYZER_NUMBER_OBJECT_CONVERSION = YES_AGGRESSIVE;
				CLANG_CXX_LANGUAGE_STANDARD = "gnu++17";
				CLANG_CXX_LIBRARY = "libc++";
				CLANG_ENABLE_MODULES = YES;
				CLANG_ENABLE_OBJC_ARC = YES;
				CLANG_ENABLE_OBJC_WEAK = YES;
				CLANG_WARN_BLOCK_CAPTURE_AUTORELEASING = YES;
				CLANG_WARN_BOOL_CONVERSION = YES;
				CLANG_WARN_COMMA = YES;
				CLANG_WARN_CONSTANT_CONVERSION = YES;
				CLANG_WARN_DEPRECATED_OBJC_IMPLEMENTATIONS = YES;
				CLANG_WARN_DIRECT_OBJC_ISA_USAGE = YES_ERROR;
				CLANG_WARN_DOCUMENTATION_COMMENTS = YES;
				CLANG_WARN_EMPTY_BODY = YES;
				CLANG_WARN_ENUM_CONVERSION = YES;
				CLANG_WARN_INFINITE_RECURSION = YES;
				CLANG_WARN_INT_CONVERSION = YES;
				CLANG_WARN_NON_LITERAL_NULL_CONVERSION = YES;
				CLANG_WARN_OBJC_IMPLICIT_RETAIN_SELF = YES;
				CLANG_WARN_OBJC_LITERAL_CONVERSION = YES;
				CLANG_WARN_OBJC_ROOT_CLASS = YES_ERROR;
				CLANG_WARN_QUOTED_INCLUDE_IN_FRAMEWORK_HEADER = YES;
				CLANG_WARN_RANGE_LOOP_ANALYSIS = YES;
				CLANG_WARN_STRICT_PROTOTYPES = YES;
				CLANG_WARN_SUSPICIOUS_MOVE = YES;
				CLANG_WARN_UNGUARDED_AVAILABILITY = YES_AGGRESSIVE;
				CLANG_WARN_UNREACHABLE_CODE = YES;
				CLANG_WARN__DUPLICATE_METHOD_MATCH = YES;
				COPY_PHASE_STRIP = NO;
				DEBUG_INFORMATION_FORMAT = "dwarf-with-dsym";
				ENABLE_NS_ASSERTIONS = NO;
				ENABLE_STRICT_OBJC_MSGSEND = YES;
				GCC_C_LANGUAGE_STANDARD = gnu11;
				GCC_NO_COMMON_BLOCKS = YES;
				GCC_WARN_64_TO_32_BIT_CONVERSION = YES;
				GCC_WARN_ABOUT_RETURN_TYPE = YES_ERROR;
				GCC_WARN_UNDECLARED_SELECTOR = YES;
				GCC_WARN_UNINITIALIZED_AUTOS = YES_AGGRESSIVE;
				GCC_WARN_UNUSED_FUNCTION = YES;
				GCC_WARN_UNUSED_VARIABLE = YES;
				IPHONEOS_DEPLOYMENT_TARGET = 15.0;
				MTL_ENABLE_DEBUG_INFO = NO;
				MTL_FAST_MATH = YES;
				SDKROOT = iphoneos;
				SWIFT_COMPILATION_MODE = wholemodule;
				SWIFT_OPTIMIZATION_LEVEL = "-O";
				VALIDATE_PRODUCT = YES;
			};
			name = Release;
		};
		BD43DC7E2719D6CE0049300A /* Debug */ = {
			isa = XCBuildConfiguration;
			buildSettings = {
				ASSETCATALOG_COMPILER_APPICON_NAME = AppIcon;
				ASSETCATALOG_COMPILER_GLOBAL_ACCENT_COLOR_NAME = AccentColor;
				CODE_SIGN_STYLE = Automatic;
				CURRENT_PROJECT_VERSION = 1;
				GENERATE_INFOPLIST_FILE = YES;
				INFOPLIST_FILE = HomeWork111/Info.plist;
				INFOPLIST_KEY_UIApplicationSupportsIndirectInputEvents = YES;
				INFOPLIST_KEY_UILaunchStoryboardName = LaunchScreen;
				INFOPLIST_KEY_UIMainStoryboardFile = Main;
				INFOPLIST_KEY_UISupportedInterfaceOrientations_iPad = "UIInterfaceOrientationPortrait UIInterfaceOrientationPortraitUpsideDown UIInterfaceOrientationLandscapeLeft UIInterfaceOrientationLandscapeRight";
				INFOPLIST_KEY_UISupportedInterfaceOrientations_iPhone = "UIInterfaceOrientationPortrait UIInterfaceOrientationLandscapeLeft UIInterfaceOrientationLandscapeRight";
				LD_RUNPATH_SEARCH_PATHS = (
					"$(inherited)",
					"@executable_path/Frameworks",
				);
				MARKETING_VERSION = 1.0;
				PRODUCT_BUNDLE_IDENTIFIER = tuwaiq.jaz.HomeWork111;
				PRODUCT_NAME = "$(TARGET_NAME)";
				SWIFT_EMIT_LOC_STRINGS = YES;
				SWIFT_VERSION = 5.0;
				TARGETED_DEVICE_FAMILY = "1,2";
			};
			name = Debug;
		};
		BD43DC7F2719D6CE0049300A /* Release */ = {
			isa = XCBuildConfiguration;
			buildSettings = {
				ASSETCATALOG_COMPILER_APPICON_NAME = AppIcon;
				ASSETCATALOG_COMPILER_GLOBAL_ACCENT_COLOR_NAME = AccentColor;
				CODE_SIGN_STYLE = Automatic;
				CURRENT_PROJECT_VERSION = 1;
				GENERATE_INFOPLIST_FILE = YES;
				INFOPLIST_FILE = HomeWork111/Info.plist;
				INFOPLIST_KEY_UIApplicationSupportsIndirectInputEvents = YES;
				INFOPLIST_KEY_UILaunchStoryboardName = LaunchScreen;
				INFOPLIST_KEY_UIMainStoryboardFile = Main;
				INFOPLIST_KEY_UISupportedInterfaceOrientations_iPad = "UIInterfaceOrientationPortrait UIInterfaceOrientationPortraitUpsideDown UIInterfaceOrientationLandscapeLeft UIInterfaceOrientationLandscapeRight";
				INFOPLIST_KEY_UISupportedInterfaceOrientations_iPhone = "UIInterfaceOrientationPortrait UIInterfaceOrientationLandscapeLeft UIInterfaceOrientationLandscapeRight";
				LD_RUNPATH_SEARCH_PATHS = (
					"$(inherited)",
					"@executable_path/Frameworks",
				);
				MARKETING_VERSION = 1.0;
				PRODUCT_BUNDLE_IDENTIFIER = tuwaiq.jaz.HomeWork111;
				PRODUCT_NAME = "$(TARGET_NAME)";
				SWIFT_EMIT_LOC_STRINGS = YES;
				SWIFT_VERSION = 5.0;
				TARGETED_DEVICE_FAMILY = "1,2";
			};
			name = Release;
		};
		BD43DC812719D6CE0049300A /* Debug */ = {
			isa = XCBuildConfiguration;
			buildSettings = {
				ALWAYS_EMBED_SWIFT_STANDARD_LIBRARIES = YES;
				BUNDLE_LOADER = "$(TEST_HOST)";
				CODE_SIGN_STYLE = Automatic;
				CURRENT_PROJECT_VERSION = 1;
				GENERATE_INFOPLIST_FILE = YES;
				IPHONEOS_DEPLOYMENT_TARGET = 15.0;
				LD_RUNPATH_SEARCH_PATHS = (
					"$(inherited)",
					"@executable_path/Frameworks",
					"@loader_path/Frameworks",
				);
				MARKETING_VERSION = 1.0;
				PRODUCT_BUNDLE_IDENTIFIER = tuwaiq.jaz.HomeWork111Tests;
				PRODUCT_NAME = "$(TARGET_NAME)";
				SWIFT_EMIT_LOC_STRINGS = NO;
				SWIFT_VERSION = 5.0;
				TARGETED_DEVICE_FAMILY = "1,2";
				TEST_HOST = "$(BUILT_PRODUCTS_DIR)/HomeWork111.app/HomeWork111";
			};
			name = Debug;
		};
		BD43DC822719D6CE0049300A /* Release */ = {
			isa = XCBuildConfiguration;
			buildSettings = {
				ALWAYS_EMBED_SWIFT_STANDARD_LIBRARIES = YES;
				BUNDLE_LOADER = "$(TEST_HOST)";
				CODE_SIGN_STYLE = Automatic;
				CURRENT_PROJECT_VERSION = 1;
				GENERATE_INFOPLIST_FILE = YES;
				IPHONEOS_DEPLOYMENT_TARGET = 15.0;
				LD_RUNPATH_SEARCH_PATHS = (
					"$(inherited)",
					"@executable_path/Frameworks",
					"@loader_path/Frameworks",
				);
				MARKETING_VERSION = 1.0;
				PRODUCT_BUNDLE_IDENTIFIER = tuwaiq.jaz.HomeWork111Tests;
				PRODUCT_NAME = "$(TARGET_NAME)";
				SWIFT_EMIT_LOC_STRINGS = NO;
				SWIFT_VERSION = 5.0;
				TARGETED_DEVICE_FAMILY = "1,2";
				TEST_HOST = "$(BUILT_PRODUCTS_DIR)/HomeWork111.app/HomeWork111";
			};
			name = Release;
		};
		BD43DC842719D6CE0049300A /* Debug */ = {
			isa = XCBuildConfiguration;
			buildSettings = {
				ALWAYS_EMBED_SWIFT_STANDARD_LIBRARIES = YES;
				CODE_SIGN_STYLE = Automatic;
				CURRENT_PROJECT_VERSION = 1;
				GENERATE_INFOPLIST_FILE = YES;
				LD_RUNPATH_SEARCH_PATHS = (
					"$(inherited)",
					"@executable_path/Frameworks",
					"@loader_path/Frameworks",
				);
				MARKETING_VERSION = 1.0;
				PRODUCT_BUNDLE_IDENTIFIER = tuwaiq.jaz.HomeWork111UITests;
				PRODUCT_NAME = "$(TARGET_NAME)";
				SWIFT_EMIT_LOC_STRINGS = NO;
				SWIFT_VERSION = 5.0;
				TARGETED_DEVICE_FAMILY = "1,2";
				TEST_TARGET_NAME = HomeWork111;
			};
			name = Debug;
		};
		BD43DC852719D6CE0049300A /* Release */ = {
			isa = XCBuildConfiguration;
			buildSettings = {
				ALWAYS_EMBED_SWIFT_STANDARD_LIBRARIES = YES;
				CODE_SIGN_STYLE = Automatic;
				CURRENT_PROJECT_VERSION = 1;
				GENERATE_INFOPLIST_FILE = YES;
				LD_RUNPATH_SEARCH_PATHS = (
					"$(inherited)",
					"@executable_path/Frameworks",
					"@loader_path/Frameworks",
				);
				MARKETING_VERSION = 1.0;
				PRODUCT_BUNDLE_IDENTIFIER = tuwaiq.jaz.HomeWork111UITests;
				PRODUCT_NAME = "$(TARGET_NAME)";
				SWIFT_EMIT_LOC_STRINGS = NO;
				SWIFT_VERSION = 5.0;
				TARGETED_DEVICE_FAMILY = "1,2";
				TEST_TARGET_NAME = HomeWork111;
			};
			name = Release;
		};
/* End XCBuildConfiguration section */

/* Begin XCConfigurationList section */
		BD43DC4E2719D6CD0049300A /* Build configuration list for PBXProject "HomeWork111" */ = {
			isa = XCConfigurationList;
			buildConfigurations = (
				BD43DC7B2719D6CE0049300A /* Debug */,
				BD43DC7C2719D6CE0049300A /* Release */,
			);
			defaultConfigurationIsVisible = 0;
			defaultConfigurationName = Release;
		};
		BD43DC7D2719D6CE0049300A /* Build configuration list for PBXNativeTarget "HomeWork111" */ = {
			isa = XCConfigurationList;
			buildConfigurations = (
				BD43DC7E2719D6CE0049300A /* Debug */,
				BD43DC7F2719D6CE0049300A /* Release */,
			);
			defaultConfigurationIsVisible = 0;
			defaultConfigurationName = Release;
		};
		BD43DC802719D6CE0049300A /* Build configuration list for PBXNativeTarget "HomeWork111Tests" */ = {
			isa = XCConfigurationList;
			buildConfigurations = (
				BD43DC812719D6CE0049300A /* Debug */,
				BD43DC822719D6CE0049300A /* Release */,
			);
			defaultConfigurationIsVisible = 0;
			defaultConfigurationName = Release;
		};
		BD43DC832719D6CE0049300A /* Build configuration list for PBXNativeTarget "HomeWork111UITests" */ = {
			isa = XCConfigurationList;
			buildConfigurations = (
				BD43DC842719D6CE0049300A /* Debug */,
				BD43DC852719D6CE0049300A /* Release */,
			);
			defaultConfigurationIsVisible = 0;
			defaultConfigurationName = Release;
		};
/* End XCConfigurationList section */
	};
	rootObject = BD43DC4B2719D6CD0049300A /* Project object */;
}
