// !$*UTF8*$!
{
	archiveVersion = 1;
	classes = {
	};
	objectVersion = 50;
	objects = {

/* Begin PBXBuildFile section */
		14160EDA271A5B7600FF4755 /* AppDelegate.swift in Sources */ = {isa = PBXBuildFile; fileRef = 14160ED9271A5B7600FF4755 /* AppDelegate.swift */; };
		14160EDC271A5B7600FF4755 /* SceneDelegate.swift in Sources */ = {isa = PBXBuildFile; fileRef = 14160EDB271A5B7600FF4755 /* SceneDelegate.swift */; };
		14160EDE271A5B7600FF4755 /* ViewController.swift in Sources */ = {isa = PBXBuildFile; fileRef = 14160EDD271A5B7600FF4755 /* ViewController.swift */; };
		14160EE1271A5B7600FF4755 /* Main.storyboard in Resources */ = {isa = PBXBuildFile; fileRef = 14160EDF271A5B7600FF4755 /* Main.storyboard */; };
		14160EE3271A5B7700FF4755 /* Assets.xcassets in Resources */ = {isa = PBXBuildFile; fileRef = 14160EE2271A5B7700FF4755 /* Assets.xcassets */; };
		14160EE6271A5B7700FF4755 /* LaunchScreen.storyboard in Resources */ = {isa = PBXBuildFile; fileRef = 14160EE4271A5B7700FF4755 /* LaunchScreen.storyboard */; };
		14160EF1271A5B7700FF4755 /* Ahlam_jur1Tests.swift in Sources */ = {isa = PBXBuildFile; fileRef = 14160EF0271A5B7700FF4755 /* Ahlam_jur1Tests.swift */; };
		14160EFC271A5B7700FF4755 /* Ahlam_jur1UITests.swift in Sources */ = {isa = PBXBuildFile; fileRef = 14160EFB271A5B7700FF4755 /* Ahlam_jur1UITests.swift */; };
/* End PBXBuildFile section */

/* Begin PBXContainerItemProxy section */
		14160EED271A5B7700FF4755 /* PBXContainerItemProxy */ = {
			isa = PBXContainerItemProxy;
			containerPortal = 14160ECE271A5B7600FF4755 /* Project object */;
			proxyType = 1;
			remoteGlobalIDString = 14160ED5271A5B7600FF4755;
			remoteInfo = "Ahlam jur1";
		};
		14160EF8271A5B7700FF4755 /* PBXContainerItemProxy */ = {
			isa = PBXContainerItemProxy;
			containerPortal = 14160ECE271A5B7600FF4755 /* Project object */;
			proxyType = 1;
			remoteGlobalIDString = 14160ED5271A5B7600FF4755;
			remoteInfo = "Ahlam jur1";
		};
/* End PBXContainerItemProxy section */

/* Begin PBXFileReference section */
		14160ED6271A5B7600FF4755 /* Ahlam jur1.app */ = {isa = PBXFileReference; explicitFileType = wrapper.application; includeInIndex = 0; path = "Ahlam jur1.app"; sourceTree = BUILT_PRODUCTS_DIR; };
		14160ED9271A5B7600FF4755 /* AppDelegate.swift */ = {isa = PBXFileReference; lastKnownFileType = sourcecode.swift; path = AppDelegate.swift; sourceTree = "<group>"; };
		14160EDB271A5B7600FF4755 /* SceneDelegate.swift */ = {isa = PBXFileReference; lastKnownFileType = sourcecode.swift; path = SceneDelegate.swift; sourceTree = "<group>"; };
		14160EDD271A5B7600FF4755 /* ViewController.swift */ = {isa = PBXFileReference; lastKnownFileType = sourcecode.swift; path = ViewController.swift; sourceTree = "<group>"; };
		14160EE0271A5B7600FF4755 /* Base */ = {isa = PBXFileReference; lastKnownFileType = file.storyboard; name = Base; path = Base.lproj/Main.storyboard; sourceTree = "<group>"; };
		14160EE2271A5B7700FF4755 /* Assets.xcassets */ = {isa = PBXFileReference; lastKnownFileType = folder.assetcatalog; path = Assets.xcassets; sourceTree = "<group>"; };
		14160EE5271A5B7700FF4755 /* Base */ = {isa = PBXFileReference; lastKnownFileType = file.storyboard; name = Base; path = Base.lproj/LaunchScreen.storyboard; sourceTree = "<group>"; };
		14160EE7271A5B7700FF4755 /* Info.plist */ = {isa = PBXFileReference; lastKnownFileType = text.plist.xml; path = Info.plist; sourceTree = "<group>"; };
		14160EEC271A5B7700FF4755 /* Ahlam jur1Tests.xctest */ = {isa = PBXFileReference; explicitFileType = wrapper.cfbundle; includeInIndex = 0; path = "Ahlam jur1Tests.xctest"; sourceTree = BUILT_PRODUCTS_DIR; };
		14160EF0271A5B7700FF4755 /* Ahlam_jur1Tests.swift */ = {isa = PBXFileReference; lastKnownFileType = sourcecode.swift; path = Ahlam_jur1Tests.swift; sourceTree = "<group>"; };
		14160EF2271A5B7700FF4755 /* Info.plist */ = {isa = PBXFileReference; lastKnownFileType = text.plist.xml; path = Info.plist; sourceTree = "<group>"; };
		14160EF7271A5B7700FF4755 /* Ahlam jur1UITests.xctest */ = {isa = PBXFileReference; explicitFileType = wrapper.cfbundle; includeInIndex = 0; path = "Ahlam jur1UITests.xctest"; sourceTree = BUILT_PRODUCTS_DIR; };
		14160EFB271A5B7700FF4755 /* Ahlam_jur1UITests.swift */ = {isa = PBXFileReference; lastKnownFileType = sourcecode.swift; path = Ahlam_jur1UITests.swift; sourceTree = "<group>"; };
		14160EFD271A5B7700FF4755 /* Info.plist */ = {isa = PBXFileReference; lastKnownFileType = text.plist.xml; path = Info.plist; sourceTree = "<group>"; };
/* End PBXFileReference section */

/* Begin PBXFrameworksBuildPhase section */
		14160ED3271A5B7600FF4755 /* Frameworks */ = {
			isa = PBXFrameworksBuildPhase;
			buildActionMask = 2147483647;
			files = (
			);
			runOnlyForDeploymentPostprocessing = 0;
		};
		14160EE9271A5B7700FF4755 /* Frameworks */ = {
			isa = PBXFrameworksBuildPhase;
			buildActionMask = 2147483647;
			files = (
			);
			runOnlyForDeploymentPostprocessing = 0;
		};
		14160EF4271A5B7700FF4755 /* Frameworks */ = {
			isa = PBXFrameworksBuildPhase;
			buildActionMask = 2147483647;
			files = (
			);
			runOnlyForDeploymentPostprocessing = 0;
		};
/* End PBXFrameworksBuildPhase section */

/* Begin PBXGroup section */
		14160ECD271A5B7600FF4755 = {
			isa = PBXGroup;
			children = (
				14160ED8271A5B7600FF4755 /* Ahlam jur1 */,
				14160EEF271A5B7700FF4755 /* Ahlam jur1Tests */,
				14160EFA271A5B7700FF4755 /* Ahlam jur1UITests */,
				14160ED7271A5B7600FF4755 /* Products */,
			);
			sourceTree = "<group>";
		};
		14160ED7271A5B7600FF4755 /* Products */ = {
			isa = PBXGroup;
			children = (
				14160ED6271A5B7600FF4755 /* Ahlam jur1.app */,
				14160EEC271A5B7700FF4755 /* Ahlam jur1Tests.xctest */,
				14160EF7271A5B7700FF4755 /* Ahlam jur1UITests.xctest */,
			);
			name = Products;
			sourceTree = "<group>";
		};
		14160ED8271A5B7600FF4755 /* Ahlam jur1 */ = {
			isa = PBXGroup;
			children = (
				14160ED9271A5B7600FF4755 /* AppDelegate.swift */,
				14160EDB271A5B7600FF4755 /* SceneDelegate.swift */,
				14160EDD271A5B7600FF4755 /* ViewController.swift */,
				14160EDF271A5B7600FF4755 /* Main.storyboard */,
				14160EE2271A5B7700FF4755 /* Assets.xcassets */,
				14160EE4271A5B7700FF4755 /* LaunchScreen.storyboard */,
				14160EE7271A5B7700FF4755 /* Info.plist */,
			);
			path = "Ahlam jur1";
			sourceTree = "<group>";
		};
		14160EEF271A5B7700FF4755 /* Ahlam jur1Tests */ = {
			isa = PBXGroup;
			children = (
				14160EF0271A5B7700FF4755 /* Ahlam_jur1Tests.swift */,
				14160EF2271A5B7700FF4755 /* Info.plist */,
			);
			path = "Ahlam jur1Tests";
			sourceTree = "<group>";
		};
		14160EFA271A5B7700FF4755 /* Ahlam jur1UITests */ = {
			isa = PBXGroup;
			children = (
				14160EFB271A5B7700FF4755 /* Ahlam_jur1UITests.swift */,
				14160EFD271A5B7700FF4755 /* Info.plist */,
			);
			path = "Ahlam jur1UITests";
			sourceTree = "<group>";
		};
/* End PBXGroup section */

/* Begin PBXNativeTarget section */
		14160ED5271A5B7600FF4755 /* Ahlam jur1 */ = {
			isa = PBXNativeTarget;
			buildConfigurationList = 14160F00271A5B7700FF4755 /* Build configuration list for PBXNativeTarget "Ahlam jur1" */;
			buildPhases = (
				14160ED2271A5B7600FF4755 /* Sources */,
				14160ED3271A5B7600FF4755 /* Frameworks */,
				14160ED4271A5B7600FF4755 /* Resources */,
			);
			buildRules = (
			);
			dependencies = (
			);
			name = "Ahlam jur1";
			productName = "Ahlam jur1";
			productReference = 14160ED6271A5B7600FF4755 /* Ahlam jur1.app */;
			productType = "com.apple.product-type.application";
		};
		14160EEB271A5B7700FF4755 /* Ahlam jur1Tests */ = {
			isa = PBXNativeTarget;
			buildConfigurationList = 14160F03271A5B7700FF4755 /* Build configuration list for PBXNativeTarget "Ahlam jur1Tests" */;
			buildPhases = (
				14160EE8271A5B7700FF4755 /* Sources */,
				14160EE9271A5B7700FF4755 /* Frameworks */,
				14160EEA271A5B7700FF4755 /* Resources */,
			);
			buildRules = (
			);
			dependencies = (
				14160EEE271A5B7700FF4755 /* PBXTargetDependency */,
			);
			name = "Ahlam jur1Tests";
			productName = "Ahlam jur1Tests";
			productReference = 14160EEC271A5B7700FF4755 /* Ahlam jur1Tests.xctest */;
			productType = "com.apple.product-type.bundle.unit-test";
		};
		14160EF6271A5B7700FF4755 /* Ahlam jur1UITests */ = {
			isa = PBXNativeTarget;
			buildConfigurationList = 14160F06271A5B7700FF4755 /* Build configuration list for PBXNativeTarget "Ahlam jur1UITests" */;
			buildPhases = (
				14160EF3271A5B7700FF4755 /* Sources */,
				14160EF4271A5B7700FF4755 /* Frameworks */,
				14160EF5271A5B7700FF4755 /* Resources */,
			);
			buildRules = (
			);
			dependencies = (
				14160EF9271A5B7700FF4755 /* PBXTargetDependency */,
			);
			name = "Ahlam jur1UITests";
			productName = "Ahlam jur1UITests";
			productReference = 14160EF7271A5B7700FF4755 /* Ahlam jur1UITests.xctest */;
			productType = "com.apple.product-type.bundle.ui-testing";
		};
/* End PBXNativeTarget section */

/* Begin PBXProject section */
		14160ECE271A5B7600FF4755 /* Project object */ = {
			isa = PBXProject;
			attributes = {
				LastSwiftUpdateCheck = 1250;
				LastUpgradeCheck = 1250;
				TargetAttributes = {
					14160ED5271A5B7600FF4755 = {
						CreatedOnToolsVersion = 12.5.1;
					};
					14160EEB271A5B7700FF4755 = {
						CreatedOnToolsVersion = 12.5.1;
						TestTargetID = 14160ED5271A5B7600FF4755;
					};
					14160EF6271A5B7700FF4755 = {
						CreatedOnToolsVersion = 12.5.1;
						TestTargetID = 14160ED5271A5B7600FF4755;
					};
				};
			};
			buildConfigurationList = 14160ED1271A5B7600FF4755 /* Build configuration list for PBXProject "Ahlam jur1" */;
			compatibilityVersion = "Xcode 9.3";
			developmentRegion = en;
			hasScannedForEncodings = 0;
			knownRegions = (
				en,
				Base,
			);
			mainGroup = 14160ECD271A5B7600FF4755;
			productRefGroup = 14160ED7271A5B7600FF4755 /* Products */;
			projectDirPath = "";
			projectRoot = "";
			targets = (
				14160ED5271A5B7600FF4755 /* Ahlam jur1 */,
				14160EEB271A5B7700FF4755 /* Ahlam jur1Tests */,
				14160EF6271A5B7700FF4755 /* Ahlam jur1UITests */,
			);
		};
/* End PBXProject section */

/* Begin PBXResourcesBuildPhase section */
		14160ED4271A5B7600FF4755 /* Resources */ = {
			isa = PBXResourcesBuildPhase;
			buildActionMask = 2147483647;
			files = (
				14160EE6271A5B7700FF4755 /* LaunchScreen.storyboard in Resources */,
				14160EE3271A5B7700FF4755 /* Assets.xcassets in Resources */,
				14160EE1271A5B7600FF4755 /* Main.storyboard in Resources */,
			);
			runOnlyForDeploymentPostprocessing = 0;
		};
		14160EEA271A5B7700FF4755 /* Resources */ = {
			isa = PBXResourcesBuildPhase;
			buildActionMask = 2147483647;
			files = (
			);
			runOnlyForDeploymentPostprocessing = 0;
		};
		14160EF5271A5B7700FF4755 /* Resources */ = {
			isa = PBXResourcesBuildPhase;
			buildActionMask = 2147483647;
			files = (
			);
			runOnlyForDeploymentPostprocessing = 0;
		};
/* End PBXResourcesBuildPhase section */

/* Begin PBXSourcesBuildPhase section */
		14160ED2271A5B7600FF4755 /* Sources */ = {
			isa = PBXSourcesBuildPhase;
			buildActionMask = 2147483647;
			files = (
				14160EDE271A5B7600FF4755 /* ViewController.swift in Sources */,
				14160EDA271A5B7600FF4755 /* AppDelegate.swift in Sources */,
				14160EDC271A5B7600FF4755 /* SceneDelegate.swift in Sources */,
			);
			runOnlyForDeploymentPostprocessing = 0;
		};
		14160EE8271A5B7700FF4755 /* Sources */ = {
			isa = PBXSourcesBuildPhase;
			buildActionMask = 2147483647;
			files = (
				14160EF1271A5B7700FF4755 /* Ahlam_jur1Tests.swift in Sources */,
			);
			runOnlyForDeploymentPostprocessing = 0;
		};
		14160EF3271A5B7700FF4755 /* Sources */ = {
			isa = PBXSourcesBuildPhase;
			buildActionMask = 2147483647;
			files = (
				14160EFC271A5B7700FF4755 /* Ahlam_jur1UITests.swift in Sources */,
			);
			runOnlyForDeploymentPostprocessing = 0;
		};
/* End PBXSourcesBuildPhase section */

/* Begin PBXTargetDependency section */
		14160EEE271A5B7700FF4755 /* PBXTargetDependency */ = {
			isa = PBXTargetDependency;
			target = 14160ED5271A5B7600FF4755 /* Ahlam jur1 */;
			targetProxy = 14160EED271A5B7700FF4755 /* PBXContainerItemProxy */;
		};
		14160EF9271A5B7700FF4755 /* PBXTargetDependency */ = {
			isa = PBXTargetDependency;
			target = 14160ED5271A5B7600FF4755 /* Ahlam jur1 */;
			targetProxy = 14160EF8271A5B7700FF4755 /* PBXContainerItemProxy */;
		};
/* End PBXTargetDependency section */

/* Begin PBXVariantGroup section */
		14160EDF271A5B7600FF4755 /* Main.storyboard */ = {
			isa = PBXVariantGroup;
			children = (
				14160EE0271A5B7600FF4755 /* Base */,
			);
			name = Main.storyboard;
			sourceTree = "<group>";
		};
		14160EE4271A5B7700FF4755 /* LaunchScreen.storyboard */ = {
			isa = PBXVariantGroup;
			children = (
				14160EE5271A5B7700FF4755 /* Base */,
			);
			name = LaunchScreen.storyboard;
			sourceTree = "<group>";
		};
/* End PBXVariantGroup section */

/* Begin XCBuildConfiguration section */
		14160EFE271A5B7700FF4755 /* Debug */ = {
			isa = XCBuildConfiguration;
			buildSettings = {
				ALWAYS_SEARCH_USER_PATHS = NO;
				CLANG_ANALYZER_NONNULL = YES;
				CLANG_ANALYZER_NUMBER_OBJECT_CONVERSION = YES_AGGRESSIVE;
				CLANG_CXX_LANGUAGE_STANDARD = "gnu++14";
				CLANG_CXX_LIBRARY = "libc++";
				CLANG_ENABLE_MODULES = YES;
				CLANG_ENABLE_OBJC_ARC = YES;
				CLANG_ENABLE_OBJC_WEAK = YES;
				CLANG_WARN_BLOCK_CAPTURE_AUTORELEASING = YES;
				CLANG_WARN_BOOL_CONVERSION = YES;
				CLANG_WARN_COMMA = YES;
				CLANG_WARN_CONSTANT_CONVERSION = YES;
				CLANG_WARN_DEPRECATED_OBJC_IMPLEMENTATIONS = YES;
				CLANG_WARN_DIRECT_OBJC_ISA_USAGE = YES_ERROR;
				CLANG_WARN_DOCUMENTATION_COMMENTS = YES;
				CLANG_WARN_EMPTY_BODY = YES;
				CLANG_WARN_ENUM_CONVERSION = YES;
				CLANG_WARN_INFINITE_RECURSION = YES;
				CLANG_WARN_INT_CONVERSION = YES;
				CLANG_WARN_NON_LITERAL_NULL_CONVERSION = YES;
				CLANG_WARN_OBJC_IMPLICIT_RETAIN_SELF = YES;
				CLANG_WARN_OBJC_LITERAL_CONVERSION = YES;
				CLANG_WARN_OBJC_ROOT_CLASS = YES_ERROR;
				CLANG_WARN_QUOTED_INCLUDE_IN_FRAMEWORK_HEADER = YES;
				CLANG_WARN_RANGE_LOOP_ANALYSIS = YES;
				CLANG_WARN_STRICT_PROTOTYPES = YES;
				CLANG_WARN_SUSPICIOUS_MOVE = YES;
				CLANG_WARN_UNGUARDED_AVAILABILITY = YES_AGGRESSIVE;
				CLANG_WARN_UNREACHABLE_CODE = YES;
				CLANG_WARN__DUPLICATE_METHOD_MATCH = YES;
				COPY_PHASE_STRIP = NO;
				DEBUG_INFORMATION_FORMAT = dwarf;
				ENABLE_STRICT_OBJC_MSGSEND = YES;
				ENABLE_TESTABILITY = YES;
				GCC_C_LANGUAGE_STANDARD = gnu11;
				GCC_DYNAMIC_NO_PIC = NO;
				GCC_NO_COMMON_BLOCKS = YES;
				GCC_OPTIMIZATION_LEVEL = 0;
				GCC_PREPROCESSOR_DEFINITIONS = (
					"DEBUG=1",
					"$(inherited)",
				);
				GCC_WARN_64_TO_32_BIT_CONVERSION = YES;
				GCC_WARN_ABOUT_RETURN_TYPE = YES_ERROR;
				GCC_WARN_UNDECLARED_SELECTOR = YES;
				GCC_WARN_UNINITIALIZED_AUTOS = YES_AGGRESSIVE;
				GCC_WARN_UNUSED_FUNCTION = YES;
				GCC_WARN_UNUSED_VARIABLE = YES;
				IPHONEOS_DEPLOYMENT_TARGET = 14.5;
				MTL_ENABLE_DEBUG_INFO = INCLUDE_SOURCE;
				MTL_FAST_MATH = YES;
				ONLY_ACTIVE_ARCH = YES;
				SDKROOT = iphoneos;
				SWIFT_ACTIVE_COMPILATION_CONDITIONS = DEBUG;
				SWIFT_OPTIMIZATION_LEVEL = "-Onone";
			};
			name = Debug;
		};
		14160EFF271A5B7700FF4755 /* Release */ = {
			isa = XCBuildConfiguration;
			buildSettings = {
				ALWAYS_SEARCH_USER_PATHS = NO;
				CLANG_ANALYZER_NONNULL = YES;
				CLANG_ANALYZER_NUMBER_OBJECT_CONVERSION = YES_AGGRESSIVE;
				CLANG_CXX_LANGUAGE_STANDARD = "gnu++14";
				CLANG_CXX_LIBRARY = "libc++";
				CLANG_ENABLE_MODULES = YES;
				CLANG_ENABLE_OBJC_ARC = YES;
				CLANG_ENABLE_OBJC_WEAK = YES;
				CLANG_WARN_BLOCK_CAPTURE_AUTORELEASING = YES;
				CLANG_WARN_BOOL_CONVERSION = YES;
				CLANG_WARN_COMMA = YES;
				CLANG_WARN_CONSTANT_CONVERSION = YES;
				CLANG_WARN_DEPRECATED_OBJC_IMPLEMENTATIONS = YES;
				CLANG_WARN_DIRECT_OBJC_ISA_USAGE = YES_ERROR;
				CLANG_WARN_DOCUMENTATION_COMMENTS = YES;
				CLANG_WARN_EMPTY_BODY = YES;
				CLANG_WARN_ENUM_CONVERSION = YES;
				CLANG_WARN_INFINITE_RECURSION = YES;
				CLANG_WARN_INT_CONVERSION = YES;
				CLANG_WARN_NON_LITERAL_NULL_CONVERSION = YES;
				CLANG_WARN_OBJC_IMPLICIT_RETAIN_SELF = YES;
				CLANG_WARN_OBJC_LITERAL_CONVERSION = YES;
				CLANG_WARN_OBJC_ROOT_CLASS = YES_ERROR;
				CLANG_WARN_QUOTED_INCLUDE_IN_FRAMEWORK_HEADER = YES;
				CLANG_WARN_RANGE_LOOP_ANALYSIS = YES;
				CLANG_WARN_STRICT_PROTOTYPES = YES;
				CLANG_WARN_SUSPICIOUS_MOVE = YES;
				CLANG_WARN_UNGUARDED_AVAILABILITY = YES_AGGRESSIVE;
				CLANG_WARN_UNREACHABLE_CODE = YES;
				CLANG_WARN__DUPLICATE_METHOD_MATCH = YES;
				COPY_PHASE_STRIP = NO;
				DEBUG_INFORMATION_FORMAT = "dwarf-with-dsym";
				ENABLE_NS_ASSERTIONS = NO;
				ENABLE_STRICT_OBJC_MSGSEND = YES;
				GCC_C_LANGUAGE_STANDARD = gnu11;
				GCC_NO_COMMON_BLOCKS = YES;
				GCC_WARN_64_TO_32_BIT_CONVERSION = YES;
				GCC_WARN_ABOUT_RETURN_TYPE = YES_ERROR;
				GCC_WARN_UNDECLARED_SELECTOR = YES;
				GCC_WARN_UNINITIALIZED_AUTOS = YES_AGGRESSIVE;
				GCC_WARN_UNUSED_FUNCTION = YES;
				GCC_WARN_UNUSED_VARIABLE = YES;
				IPHONEOS_DEPLOYMENT_TARGET = 14.5;
				MTL_ENABLE_DEBUG_INFO = NO;
				MTL_FAST_MATH = YES;
				SDKROOT = iphoneos;
				SWIFT_COMPILATION_MODE = wholemodule;
				SWIFT_OPTIMIZATION_LEVEL = "-O";
				VALIDATE_PRODUCT = YES;
			};
			name = Release;
		};
		14160F01271A5B7700FF4755 /* Debug */ = {
			isa = XCBuildConfiguration;
			buildSettings = {
				ASSETCATALOG_COMPILER_APPICON_NAME = AppIcon;
				ASSETCATALOG_COMPILER_GLOBAL_ACCENT_COLOR_NAME = AccentColor;
				CODE_SIGN_STYLE = Automatic;
				DEVELOPMENT_TEAM = NTW43QW327;
				INFOPLIST_FILE = "Ahlam jur1/Info.plist";
				LD_RUNPATH_SEARCH_PATHS = (
					"$(inherited)",
					"@executable_path/Frameworks",
				);
				PRODUCT_BUNDLE_IDENTIFIER = "Ahlam-Jur.Ahlam-jur1";
				PRODUCT_NAME = "$(TARGET_NAME)";
				SWIFT_VERSION = 5.0;
				TARGETED_DEVICE_FAMILY = "1,2";
			};
			name = Debug;
		};
		14160F02271A5B7700FF4755 /* Release */ = {
			isa = XCBuildConfiguration;
			buildSettings = {
				ASSETCATALOG_COMPILER_APPICON_NAME = AppIcon;
				ASSETCATALOG_COMPILER_GLOBAL_ACCENT_COLOR_NAME = AccentColor;
				CODE_SIGN_STYLE = Automatic;
				DEVELOPMENT_TEAM = NTW43QW327;
				INFOPLIST_FILE = "Ahlam jur1/Info.plist";
				LD_RUNPATH_SEARCH_PATHS = (
					"$(inherited)",
					"@executable_path/Frameworks",
				);
				PRODUCT_BUNDLE_IDENTIFIER = "Ahlam-Jur.Ahlam-jur1";
				PRODUCT_NAME = "$(TARGET_NAME)";
				SWIFT_VERSION = 5.0;
				TARGETED_DEVICE_FAMILY = "1,2";
			};
			name = Release;
		};
		14160F04271A5B7700FF4755 /* Debug */ = {
			isa = XCBuildConfiguration;
			buildSettings = {
				ALWAYS_EMBED_SWIFT_STANDARD_LIBRARIES = YES;
				BUNDLE_LOADER = "$(TEST_HOST)";
				CODE_SIGN_STYLE = Automatic;
				DEVELOPMENT_TEAM = NTW43QW327;
				INFOPLIST_FILE = "Ahlam jur1Tests/Info.plist";
				IPHONEOS_DEPLOYMENT_TARGET = 14.5;
				LD_RUNPATH_SEARCH_PATHS = (
					"$(inherited)",
					"@executable_path/Frameworks",
					"@loader_path/Frameworks",
				);
				PRODUCT_BUNDLE_IDENTIFIER = "Ahlam-Jur.Ahlam-jur1Tests";
				PRODUCT_NAME = "$(TARGET_NAME)";
				SWIFT_VERSION = 5.0;
				TARGETED_DEVICE_FAMILY = "1,2";
				TEST_HOST = "$(BUILT_PRODUCTS_DIR)/Ahlam jur1.app/Ahlam jur1";
			};
			name = Debug;
		};
		14160F05271A5B7700FF4755 /* Release */ = {
			isa = XCBuildConfiguration;
			buildSettings = {
				ALWAYS_EMBED_SWIFT_STANDARD_LIBRARIES = YES;
				BUNDLE_LOADER = "$(TEST_HOST)";
				CODE_SIGN_STYLE = Automatic;
				DEVELOPMENT_TEAM = NTW43QW327;
				INFOPLIST_FILE = "Ahlam jur1Tests/Info.plist";
				IPHONEOS_DEPLOYMENT_TARGET = 14.5;
				LD_RUNPATH_SEARCH_PATHS = (
					"$(inherited)",
					"@executable_path/Frameworks",
					"@loader_path/Frameworks",
				);
				PRODUCT_BUNDLE_IDENTIFIER = "Ahlam-Jur.Ahlam-jur1Tests";
				PRODUCT_NAME = "$(TARGET_NAME)";
				SWIFT_VERSION = 5.0;
				TARGETED_DEVICE_FAMILY = "1,2";
				TEST_HOST = "$(BUILT_PRODUCTS_DIR)/Ahlam jur1.app/Ahlam jur1";
			};
			name = Release;
		};
		14160F07271A5B7700FF4755 /* Debug */ = {
			isa = XCBuildConfiguration;
			buildSettings = {
				ALWAYS_EMBED_SWIFT_STANDARD_LIBRARIES = YES;
				CODE_SIGN_STYLE = Automatic;
				DEVELOPMENT_TEAM = NTW43QW327;
				INFOPLIST_FILE = "Ahlam jur1UITests/Info.plist";
				LD_RUNPATH_SEARCH_PATHS = (
					"$(inherited)",
					"@executable_path/Frameworks",
					"@loader_path/Frameworks",
				);
				PRODUCT_BUNDLE_IDENTIFIER = "Ahlam-Jur.Ahlam-jur1UITests";
				PRODUCT_NAME = "$(TARGET_NAME)";
				SWIFT_VERSION = 5.0;
				TARGETED_DEVICE_FAMILY = "1,2";
				TEST_TARGET_NAME = "Ahlam jur1";
			};
			name = Debug;
		};
		14160F08271A5B7700FF4755 /* Release */ = {
			isa = XCBuildConfiguration;
			buildSettings = {
				ALWAYS_EMBED_SWIFT_STANDARD_LIBRARIES = YES;
				CODE_SIGN_STYLE = Automatic;
				DEVELOPMENT_TEAM = NTW43QW327;
				INFOPLIST_FILE = "Ahlam jur1UITests/Info.plist";
				LD_RUNPATH_SEARCH_PATHS = (
					"$(inherited)",
					"@executable_path/Frameworks",
					"@loader_path/Frameworks",
				);
				PRODUCT_BUNDLE_IDENTIFIER = "Ahlam-Jur.Ahlam-jur1UITests";
				PRODUCT_NAME = "$(TARGET_NAME)";
				SWIFT_VERSION = 5.0;
				TARGETED_DEVICE_FAMILY = "1,2";
				TEST_TARGET_NAME = "Ahlam jur1";
			};
			name = Release;
		};
/* End XCBuildConfiguration section */

/* Begin XCConfigurationList section */
		14160ED1271A5B7600FF4755 /* Build configuration list for PBXProject "Ahlam jur1" */ = {
			isa = XCConfigurationList;
			buildConfigurations = (
				14160EFE271A5B7700FF4755 /* Debug */,
				14160EFF271A5B7700FF4755 /* Release */,
			);
			defaultConfigurationIsVisible = 0;
			defaultConfigurationName = Release;
		};
		14160F00271A5B7700FF4755 /* Build configuration list for PBXNativeTarget "Ahlam jur1" */ = {
			isa = XCConfigurationList;
			buildConfigurations = (
				14160F01271A5B7700FF4755 /* Debug */,
				14160F02271A5B7700FF4755 /* Release */,
			);
			defaultConfigurationIsVisible = 0;
			defaultConfigurationName = Release;
		};
		14160F03271A5B7700FF4755 /* Build configuration list for PBXNativeTarget "Ahlam jur1Tests" */ = {
			isa = XCConfigurationList;
			buildConfigurations = (
				14160F04271A5B7700FF4755 /* Debug */,
				14160F05271A5B7700FF4755 /* Release */,
			);
			defaultConfigurationIsVisible = 0;
			defaultConfigurationName = Release;
		};
		14160F06271A5B7700FF4755 /* Build configuration list for PBXNativeTarget "Ahlam jur1UITests" */ = {
			isa = XCConfigurationList;
			buildConfigurations = (
				14160F07271A5B7700FF4755 /* Debug */,
				14160F08271A5B7700FF4755 /* Release */,
			);
			defaultConfigurationIsVisible = 0;
			defaultConfigurationName = Release;
		};
/* End XCConfigurationList section */
	};
	rootObject = 14160ECE271A5B7600FF4755 /* Project object */;
}
